{
  "requires": true,
  "lockfileVersion": 1,
  "dependencies": {
    "@types/validator": {
      "version": "13.1.4",
      "resolved": "https://registry.npmjs.org/@types/validator/-/validator-13.1.4.tgz",
      "integrity": "sha512-19C02B8mr53HufY7S+HO/EHBD7a/R22IwEwyqiHaR19iwL37dN3o0M8RianVInfSSqP7InVSg/o0mUATM4JWsQ=="
    }
  }
}